
Microsoft Visual Studio Solution File, Format Version 12.00
# Visual Studio Version 16
VisualStudioVersion = 16.0.29009.5
MinimumVisualStudioVersion = 10.0.40219.1
Project("{9A19103F-16F7-4668-BE54-9A1E7A4F7556}") = "DiduFurnitureAPI", "DiduFurnitureAPI\DiduFurnitureAPI.csproj", "{449DA0F9-56D6-44A7-B123-C491B887869F}"
EndProject
Project("{9A19103F-16F7-4668-BE54-9A1E7A4F7556}") = "DiduFurniture.BLL", "DiduFurniture.BLL\DiduFurniture.BLL.csproj", "{F289F5D4-3DDE-49ED-BA8E-9F10EA29A043}"
EndProject
Project("{9A19103F-16F7-4668-BE54-9A1E7A4F7556}") = "DiduFurniture.DAL", "DiduFurniture.DAL\DiduFurniture.DAL.csproj", "{0F6CBD80-BA4C-4236-9A8B-433D9CD13D53}"
EndProject
Project("{FAE04EC0-301F-11D3-BF4B-00C04F79EFBC}") = "DiduFurniture.UnitTest", "DiduFurniture.UnitTest\DiduFurniture.UnitTest.csproj", "{D2837938-0083-4472-8EA5-FEE8B2D2CA01}"
EndProject
Global
	GlobalSection(SolutionConfigurationPlatforms) = preSolution
		Debug|Any CPU = Debug|Any CPU
		Release|Any CPU = Release|Any CPU
	EndGlobalSection
	GlobalSection(ProjectConfigurationPlatforms) = postSolution
		{449DA0F9-56D6-44A7-B123-C491B887869F}.Debug|Any CPU.ActiveCfg = Debug|Any CPU
		{449DA0F9-56D6-44A7-B123-C491B887869F}.Debug|Any CPU.Build.0 = Debug|Any CPU
		{449DA0F9-56D6-44A7-B123-C491B887869F}.Release|Any CPU.ActiveCfg = Release|Any CPU
		{449DA0F9-56D6-44A7-B123-C491B887869F}.Release|Any CPU.Build.0 = Release|Any CPU
		{F289F5D4-3DDE-49ED-BA8E-9F10EA29A043}.Debug|Any CPU.ActiveCfg = Debug|Any CPU
		{F289F5D4-3DDE-49ED-BA8E-9F10EA29A043}.Debug|Any CPU.Build.0 = Debug|Any CPU
		{F289F5D4-3DDE-49ED-BA8E-9F10EA29A043}.Release|Any CPU.ActiveCfg = Release|Any CPU
		{F289F5D4-3DDE-49ED-BA8E-9F10EA29A043}.Release|Any CPU.Build.0 = Release|Any CPU
		{0F6CBD80-BA4C-4236-9A8B-433D9CD13D53}.Debug|Any CPU.ActiveCfg = Debug|Any CPU
		{0F6CBD80-BA4C-4236-9A8B-433D9CD13D53}.Debug|Any CPU.Build.0 = Debug|Any CPU
		{0F6CBD80-BA4C-4236-9A8B-433D9CD13D53}.Release|Any CPU.ActiveCfg = Release|Any CPU
		{0F6CBD80-BA4C-4236-9A8B-433D9CD13D53}.Release|Any CPU.Build.0 = Release|Any CPU
		{D2837938-0083-4472-8EA5-FEE8B2D2CA01}.Debug|Any CPU.ActiveCfg = Debug|Any CPU
		{D2837938-0083-4472-8EA5-FEE8B2D2CA01}.Debug|Any CPU.Build.0 = Debug|Any CPU
		{D2837938-0083-4472-8EA5-FEE8B2D2CA01}.Release|Any CPU.ActiveCfg = Release|Any CPU
		{D2837938-0083-4472-8EA5-FEE8B2D2CA01}.Release|Any CPU.Build.0 = Release|Any CPU
	EndGlobalSection
	GlobalSection(SolutionProperties) = preSolution
		HideSolutionNode = FALSE
	EndGlobalSection
	GlobalSection(ExtensibilityGlobals) = postSolution
		SolutionGuid = {D0AFCED4-03DB-420E-9DDE-BCA2E3CB9036}
	EndGlobalSection
EndGlobal
